// !$*UTF8*$!
{
	archiveVersion = 1;
	classes = {
	};
	objectVersion = 56;
	objects = {

/* Begin PBXBuildFile section */
		9988F3CF29EE4A5A003D7FF3 /* AppDelegate.swift in Sources */ = {isa = PBXBuildFile; fileRef = 9988F3CE29EE4A5A003D7FF3 /* AppDelegate.swift */; };
		9988F3D129EE4A5A003D7FF3 /* SceneDelegate.swift in Sources */ = {isa = PBXBuildFile; fileRef = 9988F3D029EE4A5A003D7FF3 /* SceneDelegate.swift */; };
		9988F3D329EE4A5A003D7FF3 /* CategoryViewController.swift in Sources */ = {isa = PBXBuildFile; fileRef = 9988F3D229EE4A5A003D7FF3 /* CategoryViewController.swift */; };
		9988F3D629EE4A5A003D7FF3 /* Category.storyboard in Resources */ = {isa = PBXBuildFile; fileRef = 9988F3D429EE4A5A003D7FF3 /* Category.storyboard */; };
		9988F3D929EE4A5A003D7FF3 /* Crocodile.xcdatamodeld in Sources */ = {isa = PBXBuildFile; fileRef = 9988F3D729EE4A5A003D7FF3 /* Crocodile.xcdatamodeld */; };
		9988F3DB29EE4A5B003D7FF3 /* Assets.xcassets in Resources */ = {isa = PBXBuildFile; fileRef = 9988F3DA29EE4A5B003D7FF3 /* Assets.xcassets */; };
		9988F3DE29EE4A5B003D7FF3 /* LaunchScreen.storyboard in Resources */ = {isa = PBXBuildFile; fileRef = 9988F3DC29EE4A5B003D7FF3 /* LaunchScreen.storyboard */; };
		9988F3E729EE4A7C003D7FF3 /* Player.swift in Sources */ = {isa = PBXBuildFile; fileRef = 9988F3E629EE4A7C003D7FF3 /* Player.swift */; };
		9988F3EB29EE66EF003D7FF3 /* Router.swift in Sources */ = {isa = PBXBuildFile; fileRef = 9988F3EA29EE66EF003D7FF3 /* Router.swift */; };
		9988F3ED29EE6705003D7FF3 /* Coordinator.swift in Sources */ = {isa = PBXBuildFile; fileRef = 9988F3EC29EE6705003D7FF3 /* Coordinator.swift */; };
		9988F3FA29EE8A1F003D7FF3 /* AddPlayers.storyboard in Resources */ = {isa = PBXBuildFile; fileRef = 9988F3F929EE8A1F003D7FF3 /* AddPlayers.storyboard */; };
		9988F3FC29EE8BDA003D7FF3 /* GameManager.swift in Sources */ = {isa = PBXBuildFile; fileRef = 9988F3FB29EE8BDA003D7FF3 /* GameManager.swift */; };
		9988F3FF29EE8E1E003D7FF3 /* CategoryCollectionViewCell.swift in Sources */ = {isa = PBXBuildFile; fileRef = 9988F3FE29EE8E1E003D7FF3 /* CategoryCollectionViewCell.swift */; };
		99BB88F429EEB75100C65EE1 /* AddPlayersViewController.swift in Sources */ = {isa = PBXBuildFile; fileRef = 99BB88F329EEB75100C65EE1 /* AddPlayersViewController.swift */; };
		99BB88F629EEBF7E00C65EE1 /* AddPlayerTableViewCell.swift in Sources */ = {isa = PBXBuildFile; fileRef = 99BB88F529EEBF7E00C65EE1 /* AddPlayerTableViewCell.swift */; };
		99BB88F829FA387B00C65EE1 /* GameScreen.storyboard in Resources */ = {isa = PBXBuildFile; fileRef = 99BB88F729FA387B00C65EE1 /* GameScreen.storyboard */; };
		99BB88FB29FA3B7000C65EE1 /* ScoreScreen.storyboard in Resources */ = {isa = PBXBuildFile; fileRef = 99BB88FA29FA3B7000C65EE1 /* ScoreScreen.storyboard */; };
		99BB88FD29FA3C1F00C65EE1 /* ScoreViewController.swift in Sources */ = {isa = PBXBuildFile; fileRef = 99BB88FC29FA3C1F00C65EE1 /* ScoreViewController.swift */; };
		99BB88FF29FA3C5500C65EE1 /* GameScreenViewController.swift in Sources */ = {isa = PBXBuildFile; fileRef = 99BB88FE29FA3C5500C65EE1 /* GameScreenViewController.swift */; };
		99BB890229FA3D5B00C65EE1 /* StoryboardInstantiable.swift in Sources */ = {isa = PBXBuildFile; fileRef = 99BB890129FA3D5B00C65EE1 /* StoryboardInstantiable.swift */; };
		99BB890429FA3E1100C65EE1 /* CategoryCoordinator.swift in Sources */ = {isa = PBXBuildFile; fileRef = 99BB890329FA3E1100C65EE1 /* CategoryCoordinator.swift */; };
		99BB890629FA47DF00C65EE1 /* SceneDelegateRouter.swift in Sources */ = {isa = PBXBuildFile; fileRef = 99BB890529FA47DF00C65EE1 /* SceneDelegateRouter.swift */; };
		99BB890829FA68B400C65EE1 /* NavigationRouter.swift in Sources */ = {isa = PBXBuildFile; fileRef = 99BB890729FA68B400C65EE1 /* NavigationRouter.swift */; };
		99BB890A29FA739800C65EE1 /* NavigationSceneDelegateRouter.swift in Sources */ = {isa = PBXBuildFile; fileRef = 99BB890929FA739800C65EE1 /* NavigationSceneDelegateRouter.swift */; };
		99BB890C29FA7E2600C65EE1 /* AddPlayersCoordinator.swift in Sources */ = {isa = PBXBuildFile; fileRef = 99BB890B29FA7E2600C65EE1 /* AddPlayersCoordinator.swift */; };
		99BB890E2A023A7100C65EE1 /* Category.swift in Sources */ = {isa = PBXBuildFile; fileRef = 99BB890D2A023A7100C65EE1 /* Category.swift */; };
		99DFCB652A39772D00481714 /* GameScreenCoordinator.swift in Sources */ = {isa = PBXBuildFile; fileRef = 99DFCB642A39772D00481714 /* GameScreenCoordinator.swift */; };
		99DFCB962A40974200481714 /* PlayerManager.swift in Sources */ = {isa = PBXBuildFile; fileRef = 99DFCB952A40974200481714 /* PlayerManager.swift */; };
		99DFCB982A40975A00481714 /* CategoryManager.swift in Sources */ = {isa = PBXBuildFile; fileRef = 99DFCB972A40975A00481714 /* CategoryManager.swift */; };
/* End PBXBuildFile section */

/* Begin PBXFileReference section */
		9988F3CB29EE4A5A003D7FF3 /* Crocodile.app */ = {isa = PBXFileReference; explicitFileType = wrapper.application; includeInIndex = 0; path = Crocodile.app; sourceTree = BUILT_PRODUCTS_DIR; };
		9988F3CE29EE4A5A003D7FF3 /* AppDelegate.swift */ = {isa = PBXFileReference; lastKnownFileType = sourcecode.swift; path = AppDelegate.swift; sourceTree = "<group>"; };
		9988F3D029EE4A5A003D7FF3 /* SceneDelegate.swift */ = {isa = PBXFileReference; lastKnownFileType = sourcecode.swift; path = SceneDelegate.swift; sourceTree = "<group>"; };
		9988F3D229EE4A5A003D7FF3 /* CategoryViewController.swift */ = {isa = PBXFileReference; lastKnownFileType = sourcecode.swift; path = CategoryViewController.swift; sourceTree = "<group>"; };
		9988F3D529EE4A5A003D7FF3 /* Base */ = {isa = PBXFileReference; lastKnownFileType = file.storyboard; name = Base; path = Base.lproj/Category.storyboard; sourceTree = "<group>"; };
		9988F3D829EE4A5A003D7FF3 /* Crocodile.xcdatamodel */ = {isa = PBXFileReference; lastKnownFileType = wrapper.xcdatamodel; path = Crocodile.xcdatamodel; sourceTree = "<group>"; };
		9988F3DA29EE4A5B003D7FF3 /* Assets.xcassets */ = {isa = PBXFileReference; lastKnownFileType = folder.assetcatalog; path = Assets.xcassets; sourceTree = "<group>"; };
		9988F3DD29EE4A5B003D7FF3 /* Base */ = {isa = PBXFileReference; lastKnownFileType = file.storyboard; name = Base; path = Base.lproj/LaunchScreen.storyboard; sourceTree = "<group>"; };
		9988F3DF29EE4A5B003D7FF3 /* Info.plist */ = {isa = PBXFileReference; lastKnownFileType = text.plist.xml; path = Info.plist; sourceTree = "<group>"; };
		9988F3E629EE4A7C003D7FF3 /* Player.swift */ = {isa = PBXFileReference; lastKnownFileType = sourcecode.swift; path = Player.swift; sourceTree = "<group>"; };
		9988F3EA29EE66EF003D7FF3 /* Router.swift */ = {isa = PBXFileReference; lastKnownFileType = sourcecode.swift; path = Router.swift; sourceTree = "<group>"; };
		9988F3EC29EE6705003D7FF3 /* Coordinator.swift */ = {isa = PBXFileReference; lastKnownFileType = sourcecode.swift; path = Coordinator.swift; sourceTree = "<group>"; };
		9988F3F929EE8A1F003D7FF3 /* AddPlayers.storyboard */ = {isa = PBXFileReference; lastKnownFileType = file.storyboard; path = AddPlayers.storyboard; sourceTree = "<group>"; };
		9988F3FB29EE8BDA003D7FF3 /* GameManager.swift */ = {isa = PBXFileReference; lastKnownFileType = sourcecode.swift; path = GameManager.swift; sourceTree = "<group>"; };
		9988F3FE29EE8E1E003D7FF3 /* CategoryCollectionViewCell.swift */ = {isa = PBXFileReference; lastKnownFileType = sourcecode.swift; path = CategoryCollectionViewCell.swift; sourceTree = "<group>"; };
		99BB88F329EEB75100C65EE1 /* AddPlayersViewController.swift */ = {isa = PBXFileReference; lastKnownFileType = sourcecode.swift; path = AddPlayersViewController.swift; sourceTree = "<group>"; };
		99BB88F529EEBF7E00C65EE1 /* AddPlayerTableViewCell.swift */ = {isa = PBXFileReference; lastKnownFileType = sourcecode.swift; path = AddPlayerTableViewCell.swift; sourceTree = "<group>"; };
		99BB88F729FA387B00C65EE1 /* GameScreen.storyboard */ = {isa = PBXFileReference; lastKnownFileType = file.storyboard; path = GameScreen.storyboard; sourceTree = "<group>"; };
		99BB88FA29FA3B7000C65EE1 /* ScoreScreen.storyboard */ = {isa = PBXFileReference; lastKnownFileType = file.storyboard; path = ScoreScreen.storyboard; sourceTree = "<group>"; };
		99BB88FC29FA3C1F00C65EE1 /* ScoreViewController.swift */ = {isa = PBXFileReference; lastKnownFileType = sourcecode.swift; path = ScoreViewController.swift; sourceTree = "<group>"; };
		99BB88FE29FA3C5500C65EE1 /* GameScreenViewController.swift */ = {isa = PBXFileReference; lastKnownFileType = sourcecode.swift; path = GameScreenViewController.swift; sourceTree = "<group>"; };
		99BB890129FA3D5B00C65EE1 /* StoryboardInstantiable.swift */ = {isa = PBXFileReference; lastKnownFileType = sourcecode.swift; path = StoryboardInstantiable.swift; sourceTree = "<group>"; };
		99BB890329FA3E1100C65EE1 /* CategoryCoordinator.swift */ = {isa = PBXFileReference; lastKnownFileType = sourcecode.swift; path = CategoryCoordinator.swift; sourceTree = "<group>"; };
		99BB890529FA47DF00C65EE1 /* SceneDelegateRouter.swift */ = {isa = PBXFileReference; lastKnownFileType = sourcecode.swift; path = SceneDelegateRouter.swift; sourceTree = "<group>"; };
		99BB890729FA68B400C65EE1 /* NavigationRouter.swift */ = {isa = PBXFileReference; lastKnownFileType = sourcecode.swift; path = NavigationRouter.swift; sourceTree = "<group>"; };
		99BB890929FA739800C65EE1 /* NavigationSceneDelegateRouter.swift */ = {isa = PBXFileReference; lastKnownFileType = sourcecode.swift; path = NavigationSceneDelegateRouter.swift; sourceTree = "<group>"; };
		99BB890B29FA7E2600C65EE1 /* AddPlayersCoordinator.swift */ = {isa = PBXFileReference; lastKnownFileType = sourcecode.swift; path = AddPlayersCoordinator.swift; sourceTree = "<group>"; };
		99BB890D2A023A7100C65EE1 /* Category.swift */ = {isa = PBXFileReference; lastKnownFileType = sourcecode.swift; path = Category.swift; sourceTree = "<group>"; };
		99DFCB642A39772D00481714 /* GameScreenCoordinator.swift */ = {isa = PBXFileReference; lastKnownFileType = sourcecode.swift; path = GameScreenCoordinator.swift; sourceTree = "<group>"; };
		99DFCB952A40974200481714 /* PlayerManager.swift */ = {isa = PBXFileReference; lastKnownFileType = sourcecode.swift; path = PlayerManager.swift; sourceTree = "<group>"; };
		99DFCB972A40975A00481714 /* CategoryManager.swift */ = {isa = PBXFileReference; lastKnownFileType = sourcecode.swift; path = CategoryManager.swift; sourceTree = "<group>"; };
/* End PBXFileReference section */

/* Begin PBXFrameworksBuildPhase section */
		9988F3C829EE4A5A003D7FF3 /* Frameworks */ = {
			isa = PBXFrameworksBuildPhase;
			buildActionMask = 2147483647;
			files = (
			);
			runOnlyForDeploymentPostprocessing = 0;
		};
/* End PBXFrameworksBuildPhase section */

/* Begin PBXGroup section */
		9988F3C229EE4A5A003D7FF3 = {
			isa = PBXGroup;
			children = (
				9988F3CD29EE4A5A003D7FF3 /* Crocodile */,
				9988F3CC29EE4A5A003D7FF3 /* Products */,
			);
			sourceTree = "<group>";
		};
		9988F3CC29EE4A5A003D7FF3 /* Products */ = {
			isa = PBXGroup;
			children = (
				9988F3CB29EE4A5A003D7FF3 /* Crocodile.app */,
			);
			name = Products;
			sourceTree = "<group>";
		};
		9988F3CD29EE4A5A003D7FF3 /* Crocodile */ = {
			isa = PBXGroup;
			children = (
				99BB890029FA3D3800C65EE1 /* Protocols */,
				9988F3F629EE8995003D7FF3 /* Screens */,
				9988F3E929EE66DB003D7FF3 /* Routers */,
				9988F3E829EE66C5003D7FF3 /* Coordinator */,
				9988F3E529EE4A6D003D7FF3 /* Model */,
				9988F3CE29EE4A5A003D7FF3 /* AppDelegate.swift */,
				9988F3D029EE4A5A003D7FF3 /* SceneDelegate.swift */,
				9988F3DA29EE4A5B003D7FF3 /* Assets.xcassets */,
				9988F3DC29EE4A5B003D7FF3 /* LaunchScreen.storyboard */,
				9988F3DF29EE4A5B003D7FF3 /* Info.plist */,
				9988F3D729EE4A5A003D7FF3 /* Crocodile.xcdatamodeld */,
			);
			path = Crocodile;
			sourceTree = "<group>";
		};
		9988F3E529EE4A6D003D7FF3 /* Model */ = {
			isa = PBXGroup;
			children = (
				9988F3E629EE4A7C003D7FF3 /* Player.swift */,
				9988F3FB29EE8BDA003D7FF3 /* GameManager.swift */,
				99BB890D2A023A7100C65EE1 /* Category.swift */,
				99DFCB952A40974200481714 /* PlayerManager.swift */,
				99DFCB972A40975A00481714 /* CategoryManager.swift */,
			);
			path = Model;
			sourceTree = "<group>";
		};
		9988F3E829EE66C5003D7FF3 /* Coordinator */ = {
			isa = PBXGroup;
			children = (
				9988F3EC29EE6705003D7FF3 /* Coordinator.swift */,
				99BB890329FA3E1100C65EE1 /* CategoryCoordinator.swift */,
				99BB890B29FA7E2600C65EE1 /* AddPlayersCoordinator.swift */,
				99DFCB642A39772D00481714 /* GameScreenCoordinator.swift */,
			);
			path = Coordinator;
			sourceTree = "<group>";
		};
		9988F3E929EE66DB003D7FF3 /* Routers */ = {
			isa = PBXGroup;
			children = (
				9988F3EA29EE66EF003D7FF3 /* Router.swift */,
				99BB890529FA47DF00C65EE1 /* SceneDelegateRouter.swift */,
				99BB890729FA68B400C65EE1 /* NavigationRouter.swift */,
				99BB890929FA739800C65EE1 /* NavigationSceneDelegateRouter.swift */,
			);
			path = Routers;
			sourceTree = "<group>";
		};
		9988F3F629EE8995003D7FF3 /* Screens */ = {
			isa = PBXGroup;
			children = (
				9988F3FD29EE8DF4003D7FF3 /* CategoryScreen */,
				99BB88F929FA3B5100C65EE1 /* ScoreScreen */,
				9988F3F829EE89D3003D7FF3 /* GameScreen */,
				9988F3F729EE899D003D7FF3 /* AddPlayers */,
			);
			path = Screens;
			sourceTree = "<group>";
		};
		9988F3F729EE899D003D7FF3 /* AddPlayers */ = {
			isa = PBXGroup;
			children = (
				9988F3F929EE8A1F003D7FF3 /* AddPlayers.storyboard */,
				99BB88F329EEB75100C65EE1 /* AddPlayersViewController.swift */,
				99BB88F529EEBF7E00C65EE1 /* AddPlayerTableViewCell.swift */,
			);
			path = AddPlayers;
			sourceTree = "<group>";
		};
		9988F3F829EE89D3003D7FF3 /* GameScreen */ = {
			isa = PBXGroup;
			children = (
				99BB88F729FA387B00C65EE1 /* GameScreen.storyboard */,
				99BB88FE29FA3C5500C65EE1 /* GameScreenViewController.swift */,
			);
			path = GameScreen;
			sourceTree = "<group>";
		};
		9988F3FD29EE8DF4003D7FF3 /* CategoryScreen */ = {
			isa = PBXGroup;
			children = (
				9988F3D429EE4A5A003D7FF3 /* Category.storyboard */,
				9988F3D229EE4A5A003D7FF3 /* CategoryViewController.swift */,
				9988F3FE29EE8E1E003D7FF3 /* CategoryCollectionViewCell.swift */,
			);
			path = CategoryScreen;
			sourceTree = "<group>";
		};
		99BB88F929FA3B5100C65EE1 /* ScoreScreen */ = {
			isa = PBXGroup;
			children = (
				99BB88FA29FA3B7000C65EE1 /* ScoreScreen.storyboard */,
				99BB88FC29FA3C1F00C65EE1 /* ScoreViewController.swift */,
			);
			path = ScoreScreen;
			sourceTree = "<group>";
		};
		99BB890029FA3D3800C65EE1 /* Protocols */ = {
			isa = PBXGroup;
			children = (
				99BB890129FA3D5B00C65EE1 /* StoryboardInstantiable.swift */,
			);
			path = Protocols;
			sourceTree = "<group>";
		};
/* End PBXGroup section */

/* Begin PBXNativeTarget section */
		9988F3CA29EE4A5A003D7FF3 /* Crocodile */ = {
			isa = PBXNativeTarget;
			buildConfigurationList = 9988F3E229EE4A5B003D7FF3 /* Build configuration list for PBXNativeTarget "Crocodile" */;
			buildPhases = (
				9988F3C729EE4A5A003D7FF3 /* Sources */,
				9988F3C829EE4A5A003D7FF3 /* Frameworks */,
				9988F3C929EE4A5A003D7FF3 /* Resources */,
			);
			buildRules = (
			);
			dependencies = (
			);
			name = Crocodile;
			productName = Crocodile;
			productReference = 9988F3CB29EE4A5A003D7FF3 /* Crocodile.app */;
			productType = "com.apple.product-type.application";
		};
/* End PBXNativeTarget section */

/* Begin PBXProject section */
		9988F3C329EE4A5A003D7FF3 /* Project object */ = {
			isa = PBXProject;
			attributes = {
				BuildIndependentTargetsInParallel = 1;
				LastSwiftUpdateCheck = 1420;
				LastUpgradeCheck = 1420;
				TargetAttributes = {
					9988F3CA29EE4A5A003D7FF3 = {
						CreatedOnToolsVersion = 14.2;
					};
				};
			};
			buildConfigurationList = 9988F3C629EE4A5A003D7FF3 /* Build configuration list for PBXProject "Crocodile" */;
			compatibilityVersion = "Xcode 14.0";
			developmentRegion = en;
			hasScannedForEncodings = 0;
			knownRegions = (
				en,
				Base,
			);
			mainGroup = 9988F3C229EE4A5A003D7FF3;
			productRefGroup = 9988F3CC29EE4A5A003D7FF3 /* Products */;
			projectDirPath = "";
			projectRoot = "";
			targets = (
				9988F3CA29EE4A5A003D7FF3 /* Crocodile */,
			);
		};
/* End PBXProject section */

/* Begin PBXResourcesBuildPhase section */
		9988F3C929EE4A5A003D7FF3 /* Resources */ = {
			isa = PBXResourcesBuildPhase;
			buildActionMask = 2147483647;
			files = (
				9988F3DE29EE4A5B003D7FF3 /* LaunchScreen.storyboard in Resources */,
				99BB88FB29FA3B7000C65EE1 /* ScoreScreen.storyboard in Resources */,
				9988F3FA29EE8A1F003D7FF3 /* AddPlayers.storyboard in Resources */,
				9988F3DB29EE4A5B003D7FF3 /* Assets.xcassets in Resources */,
				9988F3D629EE4A5A003D7FF3 /* Category.storyboard in Resources */,
				99BB88F829FA387B00C65EE1 /* GameScreen.storyboard in Resources */,
			);
			runOnlyForDeploymentPostprocessing = 0;
		};
/* End PBXResourcesBuildPhase section */

/* Begin PBXSourcesBuildPhase section */
		9988F3C729EE4A5A003D7FF3 /* Sources */ = {
			isa = PBXSourcesBuildPhase;
			buildActionMask = 2147483647;
			files = (
				99BB88F629EEBF7E00C65EE1 /* AddPlayerTableViewCell.swift in Sources */,
				99BB890829FA68B400C65EE1 /* NavigationRouter.swift in Sources */,
				9988F3D329EE4A5A003D7FF3 /* CategoryViewController.swift in Sources */,
				99BB890429FA3E1100C65EE1 /* CategoryCoordinator.swift in Sources */,
				9988F3FC29EE8BDA003D7FF3 /* GameManager.swift in Sources */,
				9988F3CF29EE4A5A003D7FF3 /* AppDelegate.swift in Sources */,
				99DFCB962A40974200481714 /* PlayerManager.swift in Sources */,
				99BB890229FA3D5B00C65EE1 /* StoryboardInstantiable.swift in Sources */,
				99BB88FF29FA3C5500C65EE1 /* GameScreenViewController.swift in Sources */,
				99BB890A29FA739800C65EE1 /* NavigationSceneDelegateRouter.swift in Sources */,
				9988F3D929EE4A5A003D7FF3 /* Crocodile.xcdatamodeld in Sources */,
				9988F3E729EE4A7C003D7FF3 /* Player.swift in Sources */,
				99BB890E2A023A7100C65EE1 /* Category.swift in Sources */,
				9988F3EB29EE66EF003D7FF3 /* Router.swift in Sources */,
				99DFCB982A40975A00481714 /* CategoryManager.swift in Sources */,
				99BB890C29FA7E2600C65EE1 /* AddPlayersCoordinator.swift in Sources */,
				9988F3D129EE4A5A003D7FF3 /* SceneDelegate.swift in Sources */,
				9988F3ED29EE6705003D7FF3 /* Coordinator.swift in Sources */,
				9988F3FF29EE8E1E003D7FF3 /* CategoryCollectionViewCell.swift in Sources */,
				99DFCB652A39772D00481714 /* GameScreenCoordinator.swift in Sources */,
				99BB88F429EEB75100C65EE1 /* AddPlayersViewController.swift in Sources */,
				99BB890629FA47DF00C65EE1 /* SceneDelegateRouter.swift in Sources */,
				99BB88FD29FA3C1F00C65EE1 /* ScoreViewController.swift in Sources */,
			);
			runOnlyForDeploymentPostprocessing = 0;
		};
/* End PBXSourcesBuildPhase section */

/* Begin PBXVariantGroup section */
		9988F3D429EE4A5A003D7FF3 /* Category.storyboard */ = {
			isa = PBXVariantGroup;
			children = (
				9988F3D529EE4A5A003D7FF3 /* Base */,
			);
			name = Category.storyboard;
			sourceTree = "<group>";
		};
		9988F3DC29EE4A5B003D7FF3 /* LaunchScreen.storyboard */ = {
			isa = PBXVariantGroup;
			children = (
				9988F3DD29EE4A5B003D7FF3 /* Base */,
			);
			name = LaunchScreen.storyboard;
			sourceTree = "<group>";
		};
/* End PBXVariantGroup section */

/* Begin XCBuildConfiguration section */
		9988F3E029EE4A5B003D7FF3 /* Debug */ = {
			isa = XCBuildConfiguration;
			buildSettings = {
				ALWAYS_SEARCH_USER_PATHS = NO;
				CLANG_ANALYZER_NONNULL = YES;
				CLANG_ANALYZER_NUMBER_OBJECT_CONVERSION = YES_AGGRESSIVE;
				CLANG_CXX_LANGUAGE_STANDARD = "gnu++20";
				CLANG_ENABLE_MODULES = YES;
				CLANG_ENABLE_OBJC_ARC = YES;
				CLANG_ENABLE_OBJC_WEAK = YES;
				CLANG_WARN_BLOCK_CAPTURE_AUTORELEASING = YES;
				CLANG_WARN_BOOL_CONVERSION = YES;
				CLANG_WARN_COMMA = YES;
				CLANG_WARN_CONSTANT_CONVERSION = YES;
				CLANG_WARN_DEPRECATED_OBJC_IMPLEMENTATIONS = YES;
				CLANG_WARN_DIRECT_OBJC_ISA_USAGE = YES_ERROR;
				CLANG_WARN_DOCUMENTATION_COMMENTS = YES;
				CLANG_WARN_EMPTY_BODY = YES;
				CLANG_WARN_ENUM_CONVERSION = YES;
				CLANG_WARN_INFINITE_RECURSION = YES;
				CLANG_WARN_INT_CONVERSION = YES;
				CLANG_WARN_NON_LITERAL_NULL_CONVERSION = YES;
				CLANG_WARN_OBJC_IMPLICIT_RETAIN_SELF = YES;
				CLANG_WARN_OBJC_LITERAL_CONVERSION = YES;
				CLANG_WARN_OBJC_ROOT_CLASS = YES_ERROR;
				CLANG_WARN_QUOTED_INCLUDE_IN_FRAMEWORK_HEADER = YES;
				CLANG_WARN_RANGE_LOOP_ANALYSIS = YES;
				CLANG_WARN_STRICT_PROTOTYPES = YES;
				CLANG_WARN_SUSPICIOUS_MOVE = YES;
				CLANG_WARN_UNGUARDED_AVAILABILITY = YES_AGGRESSIVE;
				CLANG_WARN_UNREACHABLE_CODE = YES;
				CLANG_WARN__DUPLICATE_METHOD_MATCH = YES;
				COPY_PHASE_STRIP = NO;
				DEBUG_INFORMATION_FORMAT = dwarf;
				ENABLE_STRICT_OBJC_MSGSEND = YES;
				ENABLE_TESTABILITY = YES;
				GCC_C_LANGUAGE_STANDARD = gnu11;
				GCC_DYNAMIC_NO_PIC = NO;
				GCC_NO_COMMON_BLOCKS = YES;
				GCC_OPTIMIZATION_LEVEL = 0;
				GCC_PREPROCESSOR_DEFINITIONS = (
					"DEBUG=1",
					"$(inherited)",
				);
				GCC_WARN_64_TO_32_BIT_CONVERSION = YES;
				GCC_WARN_ABOUT_RETURN_TYPE = YES_ERROR;
				GCC_WARN_UNDECLARED_SELECTOR = YES;
				GCC_WARN_UNINITIALIZED_AUTOS = YES_AGGRESSIVE;
				GCC_WARN_UNUSED_FUNCTION = YES;
				GCC_WARN_UNUSED_VARIABLE = YES;
				IPHONEOS_DEPLOYMENT_TARGET = 16.2;
				MTL_ENABLE_DEBUG_INFO = INCLUDE_SOURCE;
				MTL_FAST_MATH = YES;
				ONLY_ACTIVE_ARCH = YES;
				SDKROOT = iphoneos;
				SWIFT_ACTIVE_COMPILATION_CONDITIONS = DEBUG;
				SWIFT_OPTIMIZATION_LEVEL = "-Onone";
			};
			name = Debug;
		};
		9988F3E129EE4A5B003D7FF3 /* Release */ = {
			isa = XCBuildConfiguration;
			buildSettings = {
				ALWAYS_SEARCH_USER_PATHS = NO;
				CLANG_ANALYZER_NONNULL = YES;
				CLANG_ANALYZER_NUMBER_OBJECT_CONVERSION = YES_AGGRESSIVE;
				CLANG_CXX_LANGUAGE_STANDARD = "gnu++20";
				CLANG_ENABLE_MODULES = YES;
				CLANG_ENABLE_OBJC_ARC = YES;
				CLANG_ENABLE_OBJC_WEAK = YES;
				CLANG_WARN_BLOCK_CAPTURE_AUTORELEASING = YES;
				CLANG_WARN_BOOL_CONVERSION = YES;
				CLANG_WARN_COMMA = YES;
				CLANG_WARN_CONSTANT_CONVERSION = YES;
				CLANG_WARN_DEPRECATED_OBJC_IMPLEMENTATIONS = YES;
				CLANG_WARN_DIRECT_OBJC_ISA_USAGE = YES_ERROR;
				CLANG_WARN_DOCUMENTATION_COMMENTS = YES;
				CLANG_WARN_EMPTY_BODY = YES;
				CLANG_WARN_ENUM_CONVERSION = YES;
				CLANG_WARN_INFINITE_RECURSION = YES;
				CLANG_WARN_INT_CONVERSION = YES;
				CLANG_WARN_NON_LITERAL_NULL_CONVERSION = YES;
				CLANG_WARN_OBJC_IMPLICIT_RETAIN_SELF = YES;
				CLANG_WARN_OBJC_LITERAL_CONVERSION = YES;
				CLANG_WARN_OBJC_ROOT_CLASS = YES_ERROR;
				CLANG_WARN_QUOTED_INCLUDE_IN_FRAMEWORK_HEADER = YES;
				CLANG_WARN_RANGE_LOOP_ANALYSIS = YES;
				CLANG_WARN_STRICT_PROTOTYPES = YES;
				CLANG_WARN_SUSPICIOUS_MOVE = YES;
				CLANG_WARN_UNGUARDED_AVAILABILITY = YES_AGGRESSIVE;
				CLANG_WARN_UNREACHABLE_CODE = YES;
				CLANG_WARN__DUPLICATE_METHOD_MATCH = YES;
				COPY_PHASE_STRIP = NO;
				DEBUG_INFORMATION_FORMAT = "dwarf-with-dsym";
				ENABLE_NS_ASSERTIONS = NO;
				ENABLE_STRICT_OBJC_MSGSEND = YES;
				GCC_C_LANGUAGE_STANDARD = gnu11;
				GCC_NO_COMMON_BLOCKS = YES;
				GCC_WARN_64_TO_32_BIT_CONVERSION = YES;
				GCC_WARN_ABOUT_RETURN_TYPE = YES_ERROR;
				GCC_WARN_UNDECLARED_SELECTOR = YES;
				GCC_WARN_UNINITIALIZED_AUTOS = YES_AGGRESSIVE;
				GCC_WARN_UNUSED_FUNCTION = YES;
				GCC_WARN_UNUSED_VARIABLE = YES;
				IPHONEOS_DEPLOYMENT_TARGET = 16.2;
				MTL_ENABLE_DEBUG_INFO = NO;
				MTL_FAST_MATH = YES;
				SDKROOT = iphoneos;
				SWIFT_COMPILATION_MODE = wholemodule;
				SWIFT_OPTIMIZATION_LEVEL = "-O";
				VALIDATE_PRODUCT = YES;
			};
			name = Release;
		};
		9988F3E329EE4A5B003D7FF3 /* Debug */ = {
			isa = XCBuildConfiguration;
			buildSettings = {
				ASSETCATALOG_COMPILER_APPICON_NAME = AppIcon;
				ASSETCATALOG_COMPILER_GLOBAL_ACCENT_COLOR_NAME = AccentColor;
				CODE_SIGN_STYLE = Automatic;
				CURRENT_PROJECT_VERSION = 1;
				DEVELOPMENT_TEAM = KR7D477LDQ;
				GENERATE_INFOPLIST_FILE = YES;
				INFOPLIST_FILE = Crocodile/Info.plist;
				INFOPLIST_KEY_UIApplicationSupportsIndirectInputEvents = YES;
				INFOPLIST_KEY_UILaunchStoryboardName = LaunchScreen;
				INFOPLIST_KEY_UIMainStoryboardFile = Category;
				INFOPLIST_KEY_UISupportedInterfaceOrientations = UIInterfaceOrientationPortrait;
				INFOPLIST_KEY_UISupportedInterfaceOrientations_iPad = "UIInterfaceOrientationLandscapeLeft UIInterfaceOrientationLandscapeRight UIInterfaceOrientationPortrait UIInterfaceOrientationPortraitUpsideDown";
				LD_RUNPATH_SEARCH_PATHS = (
					"$(inherited)",
					"@executable_path/Frameworks",
				);
				MARKETING_VERSION = 1.0;
				PRODUCT_BUNDLE_IDENTIFIER = Lucifer.Crocodile;
				PRODUCT_NAME = "$(TARGET_NAME)";
				SUPPORTED_PLATFORMS = "iphoneos iphonesimulator";
				SUPPORTS_MACCATALYST = NO;
				SUPPORTS_MAC_DESIGNED_FOR_IPHONE_IPAD = NO;
				SWIFT_EMIT_LOC_STRINGS = YES;
				SWIFT_VERSION = 5.0;
				TARGETED_DEVICE_FAMILY = 1;
			};
			name = Debug;
		};
		9988F3E429EE4A5B003D7FF3 /* Release */ = {
			isa = XCBuildConfiguration;
			buildSettings = {
				ASSETCATALOG_COMPILER_APPICON_NAME = AppIcon;
				ASSETCATALOG_COMPILER_GLOBAL_ACCENT_COLOR_NAME = AccentColor;
				CODE_SIGN_STYLE = Automatic;
				CURRENT_PROJECT_VERSION = 1;
				DEVELOPMENT_TEAM = KR7D477LDQ;
				GENERATE_INFOPLIST_FILE = YES;
				INFOPLIST_FILE = Crocodile/Info.plist;
				INFOPLIST_KEY_UIApplicationSupportsIndirectInputEvents = YES;
				INFOPLIST_KEY_UILaunchStoryboardName = LaunchScreen;
				INFOPLIST_KEY_UIMainStoryboardFile = Category;
				INFOPLIST_KEY_UISupportedInterfaceOrientations = UIInterfaceOrientationPortrait;
				INFOPLIST_KEY_UISupportedInterfaceOrientations_iPad = "UIInterfaceOrientationLandscapeLeft UIInterfaceOrientationLandscapeRight UIInterfaceOrientationPortrait UIInterfaceOrientationPortraitUpsideDown";
				LD_RUNPATH_SEARCH_PATHS = (
					"$(inherited)",
					"@executable_path/Frameworks",
				);
				MARKETING_VERSION = 1.0;
				PRODUCT_BUNDLE_IDENTIFIER = Lucifer.Crocodile;
				PRODUCT_NAME = "$(TARGET_NAME)";
				SUPPORTED_PLATFORMS = "iphoneos iphonesimulator";
				SUPPORTS_MACCATALYST = NO;
				SUPPORTS_MAC_DESIGNED_FOR_IPHONE_IPAD = NO;
				SWIFT_EMIT_LOC_STRINGS = YES;
				SWIFT_VERSION = 5.0;
				TARGETED_DEVICE_FAMILY = 1;
			};
			name = Release;
		};
/* End XCBuildConfiguration section */

/* Begin XCConfigurationList section */
		9988F3C629EE4A5A003D7FF3 /* Build configuration list for PBXProject "Crocodile" */ = {
			isa = XCConfigurationList;
			buildConfigurations = (
				9988F3E029EE4A5B003D7FF3 /* Debug */,
				9988F3E129EE4A5B003D7FF3 /* Release */,
			);
			defaultConfigurationIsVisible = 0;
			defaultConfigurationName = Release;
		};
		9988F3E229EE4A5B003D7FF3 /* Build configuration list for PBXNativeTarget "Crocodile" */ = {
			isa = XCConfigurationList;
			buildConfigurations = (
				9988F3E329EE4A5B003D7FF3 /* Debug */,
				9988F3E429EE4A5B003D7FF3 /* Release */,
			);
			defaultConfigurationIsVisible = 0;
			defaultConfigurationName = Release;
		};
/* End XCConfigurationList section */

/* Begin XCVersionGroup section */
		9988F3D729EE4A5A003D7FF3 /* Crocodile.xcdatamodeld */ = {
			isa = XCVersionGroup;
			children = (
				9988F3D829EE4A5A003D7FF3 /* Crocodile.xcdatamodel */,
			);
			currentVersion = 9988F3D829EE4A5A003D7FF3 /* Crocodile.xcdatamodel */;
			path = Crocodile.xcdatamodeld;
			sourceTree = "<group>";
			versionGroupType = wrapper.xcdatamodel;
		};
/* End XCVersionGroup section */
	};
	rootObject = 9988F3C329EE4A5A003D7FF3 /* Project object */;
}
